42crunch.vscode-openapi@4.38.0
aaron-bond.better-comments@3.0.2
amazonwebservices.amazon-q-vscode@1.92.0
amazonwebservices.aws-toolkit-vscode@3.72.0
anysphere.cursorpyright@1.0.9
anysphere.remote-containers@1.0.23
anysphere.remote-ssh@1.0.27
auchenberg.vscode-browser-preview@0.7.2
bierner.markdown-mermaid@1.28.0
bito.bito@1.6.0
bmewburn.vscode-intelephense-client@1.14.4
bradlc.vscode-tailwindcss@0.14.26
christian-kohler.npm-intellisense@1.4.5
christian-kohler.path-intellisense@2.8.0
codesandbox-io.codesandbox-projects@0.2.143
continue.continue@1.2.1
dbaeumer.vscode-eslint@3.0.16
donjayamanne.githistory@0.6.20
dsznajder.es7-react-js-snippets@4.4.3
eamodio.gitlens@17.4.1
esbenp.prettier-vscode@11.0.0
github.codespaces@1.17.3
github.vscode-github-actions@0.27.2
github.vscode-pull-request-github@0.108.0
gruntfuggly.todo-tree@0.0.215
hediet.vscode-drawio@1.6.6
humao.rest-client@0.25.0
mechatroner.rainbow-csv@3.3.0
mhutchie.git-graph@1.30.0
mikestead.dotenv@1.0.1
ms-azuretools.vscode-containers@2.1.0
ms-azuretools.vscode-docker@2.0.0
ms-playwright.playwright@1.1.7
ms-python.debugpy@2025.10.0
ms-python.python@2025.6.1
ms-python.vscode-python-envs@1.2.0
ms-toolsai.jupyter@2025.3.0
ms-toolsai.jupyter-renderers@1.3.0
ms-toolsai.vscode-jupyter-cell-tags@0.1.9
ms-toolsai.vscode-jupyter-slideshow@0.1.6
ms-vscode-remote.remote-ssh-edit@0.87.0
ms-vscode.makefile-tools@0.12.17
ms-vscode.remote-explorer@0.5.0
msjsdiag.debugger-for-chrome@4.12.6
orta.vscode-jest@6.4.4
pascalx.sketchprompt@0.2.4
pomdtr.excalidraw-editor@3.9.0
prisma.prisma@6.15.0
rangav.vscode-thunder-client@2.37.7
redhat.vscode-yaml@1.18.0
ritwickdey.liveserver@5.7.9
sourcegraph.cody-ai@1.124.0
sweetpad.sweetpad@0.1.68
tabnine.tabnine-vscode@3.309.0
tomoki1207.pdf@1.2.2
usernamehw.errorlens@3.26.0
vadimcn.vscode-lldb@1.11.5
vscjava.vscode-java-debug@0.58.2
wallabyjs.console-ninja@1.0.469
wallabyjs.wallaby-vscode@1.0.462
wix.vscode-import-cost@3.3.0
yzhang.markdown-all-in-one@3.6.2
